
Microsoft Visual Studio Solution File, Format Version 12.00
# Visual Studio Version 17
VisualStudioVersion = 17.10.35013.160
MinimumVisualStudioVersion = 10.0.40219.1
Project("{FAE04EC0-301F-11D3-BF4B-00C04F79EFBC}") = "MovieManager", "MovieManager.csproj", "{13D33D6F-5F2E-44CB-88FA-50319EF3B18A}"
EndProject
Global
	GlobalSection(SolutionConfigurationPlatforms) = preSolution
		Debug|Any CPU = Debug|Any CPU
		Release|Any CPU = Release|Any CPU
	EndGlobalSection
	GlobalSection(ProjectConfigurationPlatforms) = postSolution
		{13D33D6F-5F2E-44CB-88FA-50319EF3B18A}.Debug|Any CPU.ActiveCfg = Debug|Any CPU
		{13D33D6F-5F2E-44CB-88FA-50319EF3B18A}.Debug|Any CPU.Build.0 = Debug|Any CPU
		{13D33D6F-5F2E-44CB-88FA-50319EF3B18A}.Release|Any CPU.ActiveCfg = Release|Any CPU
		{13D33D6F-5F2E-44CB-88FA-50319EF3B18A}.Release|Any CPU.Build.0 = Release|Any CPU
	EndGlobalSection
	GlobalSection(SolutionProperties) = preSolution
		HideSolutionNode = FALSE
	EndGlobalSection
	GlobalSection(ExtensibilityGlobals) = postSolution
		SolutionGuid = {133AA4E1-5126-428F-A34B-E25197C59A1E}
	EndGlobalSection
EndGlobal
