
Microsoft Visual Studio Solution File, Format Version 12.00
# Visual Studio Version 17
VisualStudioVersion = 17.10.35013.160
MinimumVisualStudioVersion = 10.0.40219.1
Project("{FAE04EC0-301F-11D3-BF4B-00C04F79EFBC}") = "CurrenctCalculator", "CurrenctCalculator.csproj", "{2B1756A6-EDC5-49F4-A77A-039C3CF16B51}"
EndProject
Global
	GlobalSection(SolutionConfigurationPlatforms) = preSolution
		Debug|Any CPU = Debug|Any CPU
		Release|Any CPU = Release|Any CPU
	EndGlobalSection
	GlobalSection(ProjectConfigurationPlatforms) = postSolution
		{2B1756A6-EDC5-49F4-A77A-039C3CF16B51}.Debug|Any CPU.ActiveCfg = Debug|Any CPU
		{2B1756A6-EDC5-49F4-A77A-039C3CF16B51}.Debug|Any CPU.Build.0 = Debug|Any CPU
		{2B1756A6-EDC5-49F4-A77A-039C3CF16B51}.Release|Any CPU.ActiveCfg = Release|Any CPU
		{2B1756A6-EDC5-49F4-A77A-039C3CF16B51}.Release|Any CPU.Build.0 = Release|Any CPU
	EndGlobalSection
	GlobalSection(SolutionProperties) = preSolution
		HideSolutionNode = FALSE
	EndGlobalSection
	GlobalSection(ExtensibilityGlobals) = postSolution
		SolutionGuid = {125049EE-3A46-4ABE-8980-E5A9153D0EA6}
	EndGlobalSection
EndGlobal
