
Microsoft Visual Studio Solution File, Format Version 12.00
# Visual Studio Version 17
VisualStudioVersion = 17.10.35013.160
MinimumVisualStudioVersion = 10.0.40219.1
Project("{FAE04EC0-301F-11D3-BF4B-00C04F79EFBC}") = "ProxyDesignPattern", "ProxyDesignPattern.csproj", "{4C95157D-5848-41BC-BD9F-53D7E95E3211}"
EndProject
Global
	GlobalSection(SolutionConfigurationPlatforms) = preSolution
		Debug|Any CPU = Debug|Any CPU
		Release|Any CPU = Release|Any CPU
	EndGlobalSection
	GlobalSection(ProjectConfigurationPlatforms) = postSolution
		{4C95157D-5848-41BC-BD9F-53D7E95E3211}.Debug|Any CPU.ActiveCfg = Debug|Any CPU
		{4C95157D-5848-41BC-BD9F-53D7E95E3211}.Debug|Any CPU.Build.0 = Debug|Any CPU
		{4C95157D-5848-41BC-BD9F-53D7E95E3211}.Release|Any CPU.ActiveCfg = Release|Any CPU
		{4C95157D-5848-41BC-BD9F-53D7E95E3211}.Release|Any CPU.Build.0 = Release|Any CPU
	EndGlobalSection
	GlobalSection(SolutionProperties) = preSolution
		HideSolutionNode = FALSE
	EndGlobalSection
	GlobalSection(ExtensibilityGlobals) = postSolution
		SolutionGuid = {D2C2E904-FED7-4702-98BF-0EE298B368B9}
	EndGlobalSection
EndGlobal
