
Microsoft Visual Studio Solution File, Format Version 12.00
# Visual Studio Version 17
VisualStudioVersion = 17.10.35013.160
MinimumVisualStudioVersion = 10.0.40219.1
Project("{FAE04EC0-301F-11D3-BF4B-00C04F79EFBC}") = "Student", "Student\Student.csproj", "{B492480A-02CF-4ADC-81C1-FD302887EE94}"
EndProject
Global
	GlobalSection(SolutionConfigurationPlatforms) = preSolution
		Debug|Any CPU = Debug|Any CPU
		Release|Any CPU = Release|Any CPU
	EndGlobalSection
	GlobalSection(ProjectConfigurationPlatforms) = postSolution
		{B492480A-02CF-4ADC-81C1-FD302887EE94}.Debug|Any CPU.ActiveCfg = Debug|Any CPU
		{B492480A-02CF-4ADC-81C1-FD302887EE94}.Debug|Any CPU.Build.0 = Debug|Any CPU
		{B492480A-02CF-4ADC-81C1-FD302887EE94}.Release|Any CPU.ActiveCfg = Release|Any CPU
		{B492480A-02CF-4ADC-81C1-FD302887EE94}.Release|Any CPU.Build.0 = Release|Any CPU
	EndGlobalSection
	GlobalSection(SolutionProperties) = preSolution
		HideSolutionNode = FALSE
	EndGlobalSection
	GlobalSection(ExtensibilityGlobals) = postSolution
		SolutionGuid = {7543A590-4139-429C-A29C-25801856EC2E}
	EndGlobalSection
EndGlobal
